
Microsoft Visual Studio Solution File, Format Version 12.00
# Visual Studio 15
VisualStudioVersion = 15.0.27703.2042
MinimumVisualStudioVersion = 10.0.40219.1
Project("{FAE04EC0-301F-11D3-BF4B-00C04F79EFBC}") = "FrmMain", "FrmMain\FrmMain.csproj", "{7A235BA4-7C12-434B-B543-49D0D15DE466}"
EndProject
Global
	GlobalSection(SolutionConfigurationPlatforms) = preSolution
		Debug|Any CPU = Debug|Any CPU
		Release|Any CPU = Release|Any CPU
	EndGlobalSection
	GlobalSection(ProjectConfigurationPlatforms) = postSolution
		{7A235BA4-7C12-434B-B543-49D0D15DE466}.Debug|Any CPU.ActiveCfg = Debug|Any CPU
		{7A235BA4-7C12-434B-B543-49D0D15DE466}.Debug|Any CPU.Build.0 = Debug|Any CPU
		{7A235BA4-7C12-434B-B543-49D0D15DE466}.Release|Any CPU.ActiveCfg = Release|Any CPU
		{7A235BA4-7C12-434B-B543-49D0D15DE466}.Release|Any CPU.Build.0 = Release|Any CPU
	EndGlobalSection
	GlobalSection(SolutionProperties) = preSolution
		HideSolutionNode = FALSE
	EndGlobalSection
	GlobalSection(ExtensibilityGlobals) = postSolution
		SolutionGuid = {0C07AD3D-92E5-4BA0-A519-3BD44FD7FCF2}
	EndGlobalSection
EndGlobal
